
Microsoft Visual Studio Solution File, Format Version 12.00
# Visual Studio Version 16
VisualStudioVersion = 16.0.31321.278
MinimumVisualStudioVersion = 10.0.40219.1
Project("{FAE04EC0-301F-11D3-BF4B-00C04F79EFBC}") = "RTiPPO", "RTiPPO.csproj", "{FE0F0543-E65D-4AD3-92AC-4A47001F5E3C}"
EndProject
Global
	GlobalSection(SolutionConfigurationPlatforms) = preSolution
		Debug|Any CPU = Debug|Any CPU
		Release|Any CPU = Release|Any CPU
	EndGlobalSection
	GlobalSection(ProjectConfigurationPlatforms) = postSolution
		{FE0F0543-E65D-4AD3-92AC-4A47001F5E3C}.Debug|Any CPU.ActiveCfg = Debug|Any CPU
		{FE0F0543-E65D-4AD3-92AC-4A47001F5E3C}.Debug|Any CPU.Build.0 = Debug|Any CPU
		{FE0F0543-E65D-4AD3-92AC-4A47001F5E3C}.Release|Any CPU.ActiveCfg = Release|Any CPU
		{FE0F0543-E65D-4AD3-92AC-4A47001F5E3C}.Release|Any CPU.Build.0 = Release|Any CPU
	EndGlobalSection
	GlobalSection(SolutionProperties) = preSolution
		HideSolutionNode = FALSE
	EndGlobalSection
	GlobalSection(ExtensibilityGlobals) = postSolution
		SolutionGuid = {C43CB214-00AB-44B2-9083-25BBA1770ACE}
	EndGlobalSection
EndGlobal
